
Microsoft Visual Studio Solution File, Format Version 12.00
# Visual Studio Version 17
VisualStudioVersion = 17.4.33122.133
MinimumVisualStudioVersion = 10.0.40219.1
Project("{FAE04EC0-301F-11D3-BF4B-00C04F79EFBC}") = "HomeWorkEncapsulation", "HomeWorkEncapsulation\HomeWorkEncapsulation.csproj", "{362A7F66-FAE5-4846-8792-F191824675DE}"
EndProject
Project("{FAE04EC0-301F-11D3-BF4B-00C04F79EFBC}") = "StringMethodsClassWork", "StringMethodsClassWork\StringMethodsClassWork.csproj", "{49F7FD4D-F71B-49CA-AC6E-E979D443FA73}"
EndProject
Global
	GlobalSection(SolutionConfigurationPlatforms) = preSolution
		Debug|Any CPU = Debug|Any CPU
		Release|Any CPU = Release|Any CPU
	EndGlobalSection
	GlobalSection(ProjectConfigurationPlatforms) = postSolution
		{362A7F66-FAE5-4846-8792-F191824675DE}.Debug|Any CPU.ActiveCfg = Debug|Any CPU
		{362A7F66-FAE5-4846-8792-F191824675DE}.Debug|Any CPU.Build.0 = Debug|Any CPU
		{362A7F66-FAE5-4846-8792-F191824675DE}.Release|Any CPU.ActiveCfg = Release|Any CPU
		{362A7F66-FAE5-4846-8792-F191824675DE}.Release|Any CPU.Build.0 = Release|Any CPU
		{49F7FD4D-F71B-49CA-AC6E-E979D443FA73}.Debug|Any CPU.ActiveCfg = Debug|Any CPU
		{49F7FD4D-F71B-49CA-AC6E-E979D443FA73}.Debug|Any CPU.Build.0 = Debug|Any CPU
		{49F7FD4D-F71B-49CA-AC6E-E979D443FA73}.Release|Any CPU.ActiveCfg = Release|Any CPU
		{49F7FD4D-F71B-49CA-AC6E-E979D443FA73}.Release|Any CPU.Build.0 = Release|Any CPU
	EndGlobalSection
	GlobalSection(SolutionProperties) = preSolution
		HideSolutionNode = FALSE
	EndGlobalSection
	GlobalSection(ExtensibilityGlobals) = postSolution
		SolutionGuid = {63F94D66-928C-440B-8F07-5F3469FBF8A3}
	EndGlobalSection
EndGlobal
