
Microsoft Visual Studio Solution File, Format Version 12.00
# Visual Studio Version 17
VisualStudioVersion = 17.4.33122.133
MinimumVisualStudioVersion = 10.0.40219.1
Project("{FAE04EC0-301F-11D3-BF4B-00C04F79EFBC}") = "SRP", "SRP\SRP.csproj", "{F402E351-95C0-43F5-B489-1ED6AE753DC6}"
EndProject
Project("{FAE04EC0-301F-11D3-BF4B-00C04F79EFBC}") = "OCP", "OCP\OCP.csproj", "{AC463374-C55B-4838-8D4F-395F89E72D70}"
EndProject
Project("{FAE04EC0-301F-11D3-BF4B-00C04F79EFBC}") = "LSP", "LSP\LSP.csproj", "{221E55B2-2707-437D-8602-1A40D61F2FBD}"
EndProject
Project("{FAE04EC0-301F-11D3-BF4B-00C04F79EFBC}") = "ISP", "ISP\ISP.csproj", "{C4E2E75E-D353-436C-8199-A38E96286EFE}"
EndProject
Project("{FAE04EC0-301F-11D3-BF4B-00C04F79EFBC}") = "DIP", "DIP\DIP.csproj", "{CF828825-E998-4F32-8904-0174C4B7EC1F}"
EndProject
Global
	GlobalSection(SolutionConfigurationPlatforms) = preSolution
		Debug|Any CPU = Debug|Any CPU
		Release|Any CPU = Release|Any CPU
	EndGlobalSection
	GlobalSection(ProjectConfigurationPlatforms) = postSolution
		{F402E351-95C0-43F5-B489-1ED6AE753DC6}.Debug|Any CPU.ActiveCfg = Debug|Any CPU
		{F402E351-95C0-43F5-B489-1ED6AE753DC6}.Debug|Any CPU.Build.0 = Debug|Any CPU
		{F402E351-95C0-43F5-B489-1ED6AE753DC6}.Release|Any CPU.ActiveCfg = Release|Any CPU
		{F402E351-95C0-43F5-B489-1ED6AE753DC6}.Release|Any CPU.Build.0 = Release|Any CPU
		{AC463374-C55B-4838-8D4F-395F89E72D70}.Debug|Any CPU.ActiveCfg = Debug|Any CPU
		{AC463374-C55B-4838-8D4F-395F89E72D70}.Debug|Any CPU.Build.0 = Debug|Any CPU
		{AC463374-C55B-4838-8D4F-395F89E72D70}.Release|Any CPU.ActiveCfg = Release|Any CPU
		{AC463374-C55B-4838-8D4F-395F89E72D70}.Release|Any CPU.Build.0 = Release|Any CPU
		{221E55B2-2707-437D-8602-1A40D61F2FBD}.Debug|Any CPU.ActiveCfg = Debug|Any CPU
		{221E55B2-2707-437D-8602-1A40D61F2FBD}.Debug|Any CPU.Build.0 = Debug|Any CPU
		{221E55B2-2707-437D-8602-1A40D61F2FBD}.Release|Any CPU.ActiveCfg = Release|Any CPU
		{221E55B2-2707-437D-8602-1A40D61F2FBD}.Release|Any CPU.Build.0 = Release|Any CPU
		{C4E2E75E-D353-436C-8199-A38E96286EFE}.Debug|Any CPU.ActiveCfg = Debug|Any CPU
		{C4E2E75E-D353-436C-8199-A38E96286EFE}.Debug|Any CPU.Build.0 = Debug|Any CPU
		{C4E2E75E-D353-436C-8199-A38E96286EFE}.Release|Any CPU.ActiveCfg = Release|Any CPU
		{C4E2E75E-D353-436C-8199-A38E96286EFE}.Release|Any CPU.Build.0 = Release|Any CPU
		{CF828825-E998-4F32-8904-0174C4B7EC1F}.Debug|Any CPU.ActiveCfg = Debug|Any CPU
		{CF828825-E998-4F32-8904-0174C4B7EC1F}.Debug|Any CPU.Build.0 = Debug|Any CPU
		{CF828825-E998-4F32-8904-0174C4B7EC1F}.Release|Any CPU.ActiveCfg = Release|Any CPU
		{CF828825-E998-4F32-8904-0174C4B7EC1F}.Release|Any CPU.Build.0 = Release|Any CPU
	EndGlobalSection
	GlobalSection(SolutionProperties) = preSolution
		HideSolutionNode = FALSE
	EndGlobalSection
	GlobalSection(ExtensibilityGlobals) = postSolution
		SolutionGuid = {FBBF6D40-3951-4CC8-BEBA-A6F21B37682A}
	EndGlobalSection
EndGlobal
