
Microsoft Visual Studio Solution File, Format Version 12.00
# Visual Studio Version 17
VisualStudioVersion = 17.4.33122.133
MinimumVisualStudioVersion = 10.0.40219.1
Project("{FAE04EC0-301F-11D3-BF4B-00C04F79EFBC}") = "SerializationHomeWork", "SerializationHomeWork\SerializationHomeWork.csproj", "{ABF05D8D-36DA-4315-B95E-E9CAF877A2F3}"
EndProject
Global
	GlobalSection(SolutionConfigurationPlatforms) = preSolution
		Debug|Any CPU = Debug|Any CPU
		Release|Any CPU = Release|Any CPU
	EndGlobalSection
	GlobalSection(ProjectConfigurationPlatforms) = postSolution
		{ABF05D8D-36DA-4315-B95E-E9CAF877A2F3}.Debug|Any CPU.ActiveCfg = Debug|Any CPU
		{ABF05D8D-36DA-4315-B95E-E9CAF877A2F3}.Debug|Any CPU.Build.0 = Debug|Any CPU
		{ABF05D8D-36DA-4315-B95E-E9CAF877A2F3}.Release|Any CPU.ActiveCfg = Release|Any CPU
		{ABF05D8D-36DA-4315-B95E-E9CAF877A2F3}.Release|Any CPU.Build.0 = Release|Any CPU
	EndGlobalSection
	GlobalSection(SolutionProperties) = preSolution
		HideSolutionNode = FALSE
	EndGlobalSection
	GlobalSection(ExtensibilityGlobals) = postSolution
		SolutionGuid = {218F5808-F192-42F1-A682-0F49769B445C}
	EndGlobalSection
EndGlobal
