
Microsoft Visual Studio Solution File, Format Version 12.00
# Visual Studio Version 17
VisualStudioVersion = 17.4.33122.133
MinimumVisualStudioVersion = 10.0.40219.1
Project("{FAE04EC0-301F-11D3-BF4B-00C04F79EFBC}") = "ConsoleApp3", "ConsoleApp3\ConsoleApp3.csproj", "{DFED871C-AD3D-4B85-807A-7B9E72407467}"
EndProject
Global
	GlobalSection(SolutionConfigurationPlatforms) = preSolution
		Debug|Any CPU = Debug|Any CPU
		Release|Any CPU = Release|Any CPU
	EndGlobalSection
	GlobalSection(ProjectConfigurationPlatforms) = postSolution
		{DFED871C-AD3D-4B85-807A-7B9E72407467}.Debug|Any CPU.ActiveCfg = Debug|Any CPU
		{DFED871C-AD3D-4B85-807A-7B9E72407467}.Debug|Any CPU.Build.0 = Debug|Any CPU
		{DFED871C-AD3D-4B85-807A-7B9E72407467}.Release|Any CPU.ActiveCfg = Release|Any CPU
		{DFED871C-AD3D-4B85-807A-7B9E72407467}.Release|Any CPU.Build.0 = Release|Any CPU
	EndGlobalSection
	GlobalSection(SolutionProperties) = preSolution
		HideSolutionNode = FALSE
	EndGlobalSection
	GlobalSection(ExtensibilityGlobals) = postSolution
		SolutionGuid = {410C3F51-A70D-4E51-95F3-A25A3DE48F5C}
	EndGlobalSection
EndGlobal
