
Microsoft Visual Studio Solution File, Format Version 12.00
# Visual Studio Version 17
VisualStudioVersion = 17.4.33122.133
MinimumVisualStudioVersion = 10.0.40219.1
Project("{FAE04EC0-301F-11D3-BF4B-00C04F79EFBC}") = "ClassWork", "ClassWork\ClassWork.csproj", "{72AC95FE-F868-43A0-A0AD-C92B60D14DA4}"
EndProject
Global
	GlobalSection(SolutionConfigurationPlatforms) = preSolution
		Debug|Any CPU = Debug|Any CPU
		Release|Any CPU = Release|Any CPU
	EndGlobalSection
	GlobalSection(ProjectConfigurationPlatforms) = postSolution
		{72AC95FE-F868-43A0-A0AD-C92B60D14DA4}.Debug|Any CPU.ActiveCfg = Debug|Any CPU
		{72AC95FE-F868-43A0-A0AD-C92B60D14DA4}.Debug|Any CPU.Build.0 = Debug|Any CPU
		{72AC95FE-F868-43A0-A0AD-C92B60D14DA4}.Release|Any CPU.ActiveCfg = Release|Any CPU
		{72AC95FE-F868-43A0-A0AD-C92B60D14DA4}.Release|Any CPU.Build.0 = Release|Any CPU
	EndGlobalSection
	GlobalSection(SolutionProperties) = preSolution
		HideSolutionNode = FALSE
	EndGlobalSection
	GlobalSection(ExtensibilityGlobals) = postSolution
		SolutionGuid = {29807700-D67F-4FAE-9E61-1E40E5FDEA4F}
	EndGlobalSection
EndGlobal
