
Microsoft Visual Studio Solution File, Format Version 12.00
# Visual Studio Version 17
VisualStudioVersion = 17.4.33122.133
MinimumVisualStudioVersion = 10.0.40219.1
Project("{FAE04EC0-301F-11D3-BF4B-00C04F79EFBC}") = "FileDirectoryClassWork", "FileDirectoryClassWork\FileDirectoryClassWork.csproj", "{B3695C7E-13C0-4FF0-B219-DED27C977B87}"
EndProject
Global
	GlobalSection(SolutionConfigurationPlatforms) = preSolution
		Debug|Any CPU = Debug|Any CPU
		Release|Any CPU = Release|Any CPU
	EndGlobalSection
	GlobalSection(ProjectConfigurationPlatforms) = postSolution
		{B3695C7E-13C0-4FF0-B219-DED27C977B87}.Debug|Any CPU.ActiveCfg = Debug|Any CPU
		{B3695C7E-13C0-4FF0-B219-DED27C977B87}.Debug|Any CPU.Build.0 = Debug|Any CPU
		{B3695C7E-13C0-4FF0-B219-DED27C977B87}.Release|Any CPU.ActiveCfg = Release|Any CPU
		{B3695C7E-13C0-4FF0-B219-DED27C977B87}.Release|Any CPU.Build.0 = Release|Any CPU
	EndGlobalSection
	GlobalSection(SolutionProperties) = preSolution
		HideSolutionNode = FALSE
	EndGlobalSection
	GlobalSection(ExtensibilityGlobals) = postSolution
		SolutionGuid = {7D72EF2C-43E2-4C6B-9305-89EDCB3C0129}
	EndGlobalSection
EndGlobal
