
Microsoft Visual Studio Solution File, Format Version 12.00
# Visual Studio Version 17
VisualStudioVersion = 17.4.33122.133
MinimumVisualStudioVersion = 10.0.40219.1
Project("{FAE04EC0-301F-11D3-BF4B-00C04F79EFBC}") = "Arrays", "Arrays\Arrays.csproj", "{CEA91C1D-8EF0-4A34-82DF-48264B407351}"
EndProject
Global
	GlobalSection(SolutionConfigurationPlatforms) = preSolution
		Debug|Any CPU = Debug|Any CPU
		Release|Any CPU = Release|Any CPU
	EndGlobalSection
	GlobalSection(ProjectConfigurationPlatforms) = postSolution
		{CEA91C1D-8EF0-4A34-82DF-48264B407351}.Debug|Any CPU.ActiveCfg = Debug|Any CPU
		{CEA91C1D-8EF0-4A34-82DF-48264B407351}.Debug|Any CPU.Build.0 = Debug|Any CPU
		{CEA91C1D-8EF0-4A34-82DF-48264B407351}.Release|Any CPU.ActiveCfg = Release|Any CPU
		{CEA91C1D-8EF0-4A34-82DF-48264B407351}.Release|Any CPU.Build.0 = Release|Any CPU
	EndGlobalSection
	GlobalSection(SolutionProperties) = preSolution
		HideSolutionNode = FALSE
	EndGlobalSection
	GlobalSection(ExtensibilityGlobals) = postSolution
		SolutionGuid = {0B0F9CA9-83C8-4ACC-A13C-9962AFC265E4}
	EndGlobalSection
EndGlobal
