
Microsoft Visual Studio Solution File, Format Version 12.00
# Visual Studio Version 17
VisualStudioVersion = 17.4.33122.133
MinimumVisualStudioVersion = 10.0.40219.1
Project("{FAE04EC0-301F-11D3-BF4B-00C04F79EFBC}") = "EmployeeDepEnumTask", "EmployeeDepEnumTask\EmployeeDepEnumTask.csproj", "{87B0D511-2A18-4B6D-AD39-51D539C70519}"
EndProject
Global
	GlobalSection(SolutionConfigurationPlatforms) = preSolution
		Debug|Any CPU = Debug|Any CPU
		Release|Any CPU = Release|Any CPU
	EndGlobalSection
	GlobalSection(ProjectConfigurationPlatforms) = postSolution
		{87B0D511-2A18-4B6D-AD39-51D539C70519}.Debug|Any CPU.ActiveCfg = Debug|Any CPU
		{87B0D511-2A18-4B6D-AD39-51D539C70519}.Debug|Any CPU.Build.0 = Debug|Any CPU
		{87B0D511-2A18-4B6D-AD39-51D539C70519}.Release|Any CPU.ActiveCfg = Release|Any CPU
		{87B0D511-2A18-4B6D-AD39-51D539C70519}.Release|Any CPU.Build.0 = Release|Any CPU
	EndGlobalSection
	GlobalSection(SolutionProperties) = preSolution
		HideSolutionNode = FALSE
	EndGlobalSection
	GlobalSection(ExtensibilityGlobals) = postSolution
		SolutionGuid = {E19D3589-5CCE-4817-A589-76CA7D3FB9C5}
	EndGlobalSection
EndGlobal
