
Microsoft Visual Studio Solution File, Format Version 12.00
# Visual Studio Version 17
VisualStudioVersion = 17.4.33122.133
MinimumVisualStudioVersion = 10.0.40219.1
Project("{FAE04EC0-301F-11D3-BF4B-00C04F79EFBC}") = "FrontToBack", "FrontToBack\FrontToBack.csproj", "{D785F851-04E2-41A3-81A3-CDEE5B7EA1EB}"
EndProject
Global
	GlobalSection(SolutionConfigurationPlatforms) = preSolution
		Debug|Any CPU = Debug|Any CPU
		Release|Any CPU = Release|Any CPU
	EndGlobalSection
	GlobalSection(ProjectConfigurationPlatforms) = postSolution
		{D785F851-04E2-41A3-81A3-CDEE5B7EA1EB}.Debug|Any CPU.ActiveCfg = Debug|Any CPU
		{D785F851-04E2-41A3-81A3-CDEE5B7EA1EB}.Debug|Any CPU.Build.0 = Debug|Any CPU
		{D785F851-04E2-41A3-81A3-CDEE5B7EA1EB}.Release|Any CPU.ActiveCfg = Release|Any CPU
		{D785F851-04E2-41A3-81A3-CDEE5B7EA1EB}.Release|Any CPU.Build.0 = Release|Any CPU
	EndGlobalSection
	GlobalSection(SolutionProperties) = preSolution
		HideSolutionNode = FALSE
	EndGlobalSection
	GlobalSection(ExtensibilityGlobals) = postSolution
		SolutionGuid = {42AEEFAF-FDEC-4232-AFB5-4191CB60FC95}
	EndGlobalSection
EndGlobal
